
Microsoft Visual Studio Solution File, Format Version 12.00
# Visual Studio Version 17
VisualStudioVersion = 17.7.34024.191
MinimumVisualStudioVersion = 10.0.40219.1
Project("{FAE04EC0-301F-11D3-BF4B-00C04F79EFBC}") = "HWSeven", "HWSeven.csproj", "{3E915650-C8B9-4A19-B8AD-F1DC4A8863E3}"
EndProject
Global
	GlobalSection(SolutionConfigurationPlatforms) = preSolution
		Debug|Any CPU = Debug|Any CPU
		Release|Any CPU = Release|Any CPU
	EndGlobalSection
	GlobalSection(ProjectConfigurationPlatforms) = postSolution
		{3E915650-C8B9-4A19-B8AD-F1DC4A8863E3}.Debug|Any CPU.ActiveCfg = Debug|Any CPU
		{3E915650-C8B9-4A19-B8AD-F1DC4A8863E3}.Debug|Any CPU.Build.0 = Debug|Any CPU
		{3E915650-C8B9-4A19-B8AD-F1DC4A8863E3}.Release|Any CPU.ActiveCfg = Release|Any CPU
		{3E915650-C8B9-4A19-B8AD-F1DC4A8863E3}.Release|Any CPU.Build.0 = Release|Any CPU
	EndGlobalSection
	GlobalSection(SolutionProperties) = preSolution
		HideSolutionNode = FALSE
	EndGlobalSection
	GlobalSection(ExtensibilityGlobals) = postSolution
		SolutionGuid = {62FAC1A2-E56A-4164-B77A-EF2BBE873A9C}
	EndGlobalSection
EndGlobal
